
Microsoft Visual Studio Solution File, Format Version 12.00
# Visual Studio Version 17
VisualStudioVersion = 17.0.32112.339
MinimumVisualStudioVersion = 10.0.40219.1
Project("{FAE04EC0-301F-11D3-BF4B-00C04F79EFBC}") = "teste git", "teste git.csproj", "{44FB76A2-3097-4AF4-9D18-5FC608CF0894}"
EndProject
Global
	GlobalSection(SolutionConfigurationPlatforms) = preSolution
		Debug|Any CPU = Debug|Any CPU
		Release|Any CPU = Release|Any CPU
	EndGlobalSection
	GlobalSection(ProjectConfigurationPlatforms) = postSolution
		{44FB76A2-3097-4AF4-9D18-5FC608CF0894}.Debug|Any CPU.ActiveCfg = Debug|Any CPU
		{44FB76A2-3097-4AF4-9D18-5FC608CF0894}.Debug|Any CPU.Build.0 = Debug|Any CPU
		{44FB76A2-3097-4AF4-9D18-5FC608CF0894}.Release|Any CPU.ActiveCfg = Release|Any CPU
		{44FB76A2-3097-4AF4-9D18-5FC608CF0894}.Release|Any CPU.Build.0 = Release|Any CPU
	EndGlobalSection
	GlobalSection(SolutionProperties) = preSolution
		HideSolutionNode = FALSE
	EndGlobalSection
	GlobalSection(ExtensibilityGlobals) = postSolution
		SolutionGuid = {A2D0A315-91EB-4615-9CC7-719C7AC86854}
	EndGlobalSection
EndGlobal
